github.com/fjl/go-couchdb v0.1.0 h1:CIgcwg8wTWkLbgYrI/dy0il5syWjHDyLy2M6l77TawQ=
github.com/fjl/go-couchdb v0.1.0/go.mod h1:oF+ECplezwWah+9cfVsXP39+EY/lDYlbISi3eFrRIhs=
github.com/skip2/go-qrcode v0.0.0-20200617195104-da1b6568686e h1:MRM5ITcdelLK2j1vwZ3Je0FKVCfqOLp5zO6trqMLYs0=
github.com/skip2/go-qrcode v0.0.0-20200617195104-da1b6568686e/go.mod h1:XV66xRDqSt+GTGFMVlhk3ULuV0y9ZmzeVGR4mloJI3M=
